
Microsoft Visual Studio Solution File, Format Version 12.00
# Visual Studio Version 17
VisualStudioVersion = 17.1.32228.430
MinimumVisualStudioVersion = 10.0.40219.1
Project("{FAE04EC0-301F-11D3-BF4B-00C04F79EFBC}") = "ConsoleApp3 (Excel Sheet)", "ConsoleApp3 (Excel Sheet).csproj", "{4E7EED2B-2FF1-4478-8C94-08FA117774FC}"
EndProject
Global
	GlobalSection(SolutionConfigurationPlatforms) = preSolution
		Debug|Any CPU = Debug|Any CPU
		Release|Any CPU = Release|Any CPU
	EndGlobalSection
	GlobalSection(ProjectConfigurationPlatforms) = postSolution
		{4E7EED2B-2FF1-4478-8C94-08FA117774FC}.Debug|Any CPU.ActiveCfg = Debug|Any CPU
		{4E7EED2B-2FF1-4478-8C94-08FA117774FC}.Debug|Any CPU.Build.0 = Debug|Any CPU
		{4E7EED2B-2FF1-4478-8C94-08FA117774FC}.Release|Any CPU.ActiveCfg = Release|Any CPU
		{4E7EED2B-2FF1-4478-8C94-08FA117774FC}.Release|Any CPU.Build.0 = Release|Any CPU
	EndGlobalSection
	GlobalSection(SolutionProperties) = preSolution
		HideSolutionNode = FALSE
	EndGlobalSection
	GlobalSection(ExtensibilityGlobals) = postSolution
		SolutionGuid = {D373C656-AEAF-42BB-93A9-D5FB854A0E15}
	EndGlobalSection
EndGlobal
